
Microsoft Visual Studio Solution File, Format Version 12.00
# Visual Studio Version 17
VisualStudioVersion = 17.6.33801.468
MinimumVisualStudioVersion = 10.0.40219.1
Project("{9A19103F-16F7-4668-BE54-9A1E7A4F7556}") = "KeyVault.Wrapper", "src\KeyVault.Wrapper\KeyVault.Wrapper.csproj", "{38E38DE1-7F8D-4050-9BF6-F75BD0CC51F2}"
EndProject
Global
	GlobalSection(SolutionConfigurationPlatforms) = preSolution
		Debug|Any CPU = Debug|Any CPU
		Release|Any CPU = Release|Any CPU
	EndGlobalSection
	GlobalSection(ProjectConfigurationPlatforms) = postSolution
		{38E38DE1-7F8D-4050-9BF6-F75BD0CC51F2}.Debug|Any CPU.ActiveCfg = Debug|Any CPU
		{38E38DE1-7F8D-4050-9BF6-F75BD0CC51F2}.Debug|Any CPU.Build.0 = Debug|Any CPU
		{38E38DE1-7F8D-4050-9BF6-F75BD0CC51F2}.Release|Any CPU.ActiveCfg = Release|Any CPU
		{38E38DE1-7F8D-4050-9BF6-F75BD0CC51F2}.Release|Any CPU.Build.0 = Release|Any CPU
	EndGlobalSection
	GlobalSection(SolutionProperties) = preSolution
		HideSolutionNode = FALSE
	EndGlobalSection
	GlobalSection(ExtensibilityGlobals) = postSolution
		SolutionGuid = {CE749134-F133-474F-A0C7-2649E3A507C5}
	EndGlobalSection
EndGlobal
